
Microsoft Visual Studio Solution File, Format Version 12.00
# Visual Studio Version 16
VisualStudioVersion = 16.0.30503.244
MinimumVisualStudioVersion = 10.0.40219.1
Project("{FAE04EC0-301F-11D3-BF4B-00C04F79EFBC}") = "Anju_TestApp.UWP", "Anju_TestApp.UWP\Anju_TestApp.UWP.csproj", "{47F8E2D7-92D8-4A62-80F6-531B0E467811}"
EndProject
Project("{FAE04EC0-301F-11D3-BF4B-00C04F79EFBC}") = "Anju_TestApp.iOS", "Anju_TestApp.iOS\Anju_TestApp.iOS.csproj", "{8A856A7D-91D1-4BCB-AE83-CD2BB609F43E}"
EndProject
Project("{FAE04EC0-301F-11D3-BF4B-00C04F79EFBC}") = "Anju_TestApp", "Anju_TestApp\Anju_TestApp.csproj", "{E193F432-A0EC-414D-9E3E-C0B62DBEF39E}"
EndProject
Global
	GlobalSection(SolutionConfigurationPlatforms) = preSolution
		Debug|Any CPU = Debug|Any CPU
		Debug|ARM = Debug|ARM
		Debug|iPhone = Debug|iPhone
		Debug|iPhoneSimulator = Debug|iPhoneSimulator
		Debug|x64 = Debug|x64
		Debug|x86 = Debug|x86
		Release|Any CPU = Release|Any CPU
		Release|ARM = Release|ARM
		Release|iPhone = Release|iPhone
		Release|iPhoneSimulator = Release|iPhoneSimulator
		Release|x64 = Release|x64
		Release|x86 = Release|x86
	EndGlobalSection
	GlobalSection(ProjectConfigurationPlatforms) = postSolution
		{47F8E2D7-92D8-4A62-80F6-531B0E467811}.Debug|Any CPU.ActiveCfg = Debug|x86
		{47F8E2D7-92D8-4A62-80F6-531B0E467811}.Debug|Any CPU.Build.0 = Debug|x86
		{47F8E2D7-92D8-4A62-80F6-531B0E467811}.Debug|Any CPU.Deploy.0 = Debug|x86
		{47F8E2D7-92D8-4A62-80F6-531B0E467811}.Debug|ARM.ActiveCfg = Debug|ARM
		{47F8E2D7-92D8-4A62-80F6-531B0E467811}.Debug|ARM.Build.0 = Debug|ARM
		{47F8E2D7-92D8-4A62-80F6-531B0E467811}.Debug|ARM.Deploy.0 = Debug|ARM
		{47F8E2D7-92D8-4A62-80F6-531B0E467811}.Debug|iPhone.ActiveCfg = Debug|x86
		{47F8E2D7-92D8-4A62-80F6-531B0E467811}.Debug|iPhone.Build.0 = Debug|x86
		{47F8E2D7-92D8-4A62-80F6-531B0E467811}.Debug|iPhone.Deploy.0 = Debug|x86
		{47F8E2D7-92D8-4A62-80F6-531B0E467811}.Debug|iPhoneSimulator.ActiveCfg = Debug|x86
		{47F8E2D7-92D8-4A62-80F6-531B0E467811}.Debug|iPhoneSimulator.Build.0 = Debug|x86
		{47F8E2D7-92D8-4A62-80F6-531B0E467811}.Debug|iPhoneSimulator.Deploy.0 = Debug|x86
		{47F8E2D7-92D8-4A62-80F6-531B0E467811}.Debug|x64.ActiveCfg = Debug|x64
		{47F8E2D7-92D8-4A62-80F6-531B0E467811}.Debug|x64.Build.0 = Debug|x64
		{47F8E2D7-92D8-4A62-80F6-531B0E467811}.Debug|x64.Deploy.0 = Debug|x64
		{47F8E2D7-92D8-4A62-80F6-531B0E467811}.Debug|x86.ActiveCfg = Debug|x86
		{47F8E2D7-92D8-4A62-80F6-531B0E467811}.Debug|x86.Build.0 = Debug|x86
		{47F8E2D7-92D8-4A62-80F6-531B0E467811}.Debug|x86.Deploy.0 = Debug|x86
		{47F8E2D7-92D8-4A62-80F6-531B0E467811}.Release|Any CPU.ActiveCfg = Release|x86
		{47F8E2D7-92D8-4A62-80F6-531B0E467811}.Release|Any CPU.Build.0 = Release|x86
		{47F8E2D7-92D8-4A62-80F6-531B0E467811}.Release|Any CPU.Deploy.0 = Release|x86
		{47F8E2D7-92D8-4A62-80F6-531B0E467811}.Release|ARM.ActiveCfg = Release|ARM
		{47F8E2D7-92D8-4A62-80F6-531B0E467811}.Release|ARM.Build.0 = Release|ARM
		{47F8E2D7-92D8-4A62-80F6-531B0E467811}.Release|ARM.Deploy.0 = Release|ARM
		{47F8E2D7-92D8-4A62-80F6-531B0E467811}.Release|iPhone.ActiveCfg = Release|x86
		{47F8E2D7-92D8-4A62-80F6-531B0E467811}.Release|iPhone.Build.0 = Release|x86
		{47F8E2D7-92D8-4A62-80F6-531B0E467811}.Release|iPhone.Deploy.0 = Release|x86
		{47F8E2D7-92D8-4A62-80F6-531B0E467811}.Release|iPhoneSimulator.ActiveCfg = Release|x86
		{47F8E2D7-92D8-4A62-80F6-531B0E467811}.Release|iPhoneSimulator.Build.0 = Release|x86
		{47F8E2D7-92D8-4A62-80F6-531B0E467811}.Release|iPhoneSimulator.Deploy.0 = Release|x86
		{47F8E2D7-92D8-4A62-80F6-531B0E467811}.Release|x64.ActiveCfg = Release|x64
		{47F8E2D7-92D8-4A62-80F6-531B0E467811}.Release|x64.Build.0 = Release|x64
		{47F8E2D7-92D8-4A62-80F6-531B0E467811}.Release|x64.Deploy.0 = Release|x64
		{47F8E2D7-92D8-4A62-80F6-531B0E467811}.Release|x86.ActiveCfg = Release|x86
		{47F8E2D7-92D8-4A62-80F6-531B0E467811}.Release|x86.Build.0 = Release|x86
		{47F8E2D7-92D8-4A62-80F6-531B0E467811}.Release|x86.Deploy.0 = Release|x86
		{8A856A7D-91D1-4BCB-AE83-CD2BB609F43E}.Debug|Any CPU.ActiveCfg = Debug|iPhoneSimulator
		{8A856A7D-91D1-4BCB-AE83-CD2BB609F43E}.Debug|Any CPU.Build.0 = Debug|iPhoneSimulator
		{8A856A7D-91D1-4BCB-AE83-CD2BB609F43E}.Debug|Any CPU.Deploy.0 = Debug|iPhoneSimulator
		{8A856A7D-91D1-4BCB-AE83-CD2BB609F43E}.Debug|ARM.ActiveCfg = Debug|iPhone
		{8A856A7D-91D1-4BCB-AE83-CD2BB609F43E}.Debug|ARM.Build.0 = Debug|iPhone
		{8A856A7D-91D1-4BCB-AE83-CD2BB609F43E}.Debug|ARM.Deploy.0 = Debug|iPhone
		{8A856A7D-91D1-4BCB-AE83-CD2BB609F43E}.Debug|iPhone.ActiveCfg = Debug|iPhone
		{8A856A7D-91D1-4BCB-AE83-CD2BB609F43E}.Debug|iPhone.Build.0 = Debug|iPhone
		{8A856A7D-91D1-4BCB-AE83-CD2BB609F43E}.Debug|iPhone.Deploy.0 = Debug|iPhone
		{8A856A7D-91D1-4BCB-AE83-CD2BB609F43E}.Debug|iPhoneSimulator.ActiveCfg = Debug|iPhoneSimulator
		{8A856A7D-91D1-4BCB-AE83-CD2BB609F43E}.Debug|iPhoneSimulator.Build.0 = Debug|iPhoneSimulator
		{8A856A7D-91D1-4BCB-AE83-CD2BB609F43E}.Debug|iPhoneSimulator.Deploy.0 = Debug|iPhoneSimulator
		{8A856A7D-91D1-4BCB-AE83-CD2BB609F43E}.Debug|x64.ActiveCfg = Debug|iPhoneSimulator
		{8A856A7D-91D1-4BCB-AE83-CD2BB609F43E}.Debug|x64.Build.0 = Debug|iPhoneSimulator
		{8A856A7D-91D1-4BCB-AE83-CD2BB609F43E}.Debug|x64.Deploy.0 = Debug|iPhoneSimulator
		{8A856A7D-91D1-4BCB-AE83-CD2BB609F43E}.Debug|x86.ActiveCfg = Debug|iPhoneSimulator
		{8A856A7D-91D1-4BCB-AE83-CD2BB609F43E}.Debug|x86.Build.0 = Debug|iPhoneSimulator
		{8A856A7D-91D1-4BCB-AE83-CD2BB609F43E}.Debug|x86.Deploy.0 = Debug|iPhoneSimulator
		{8A856A7D-91D1-4BCB-AE83-CD2BB609F43E}.Release|Any CPU.ActiveCfg = Release|iPhoneSimulator
		{8A856A7D-91D1-4BCB-AE83-CD2BB609F43E}.Release|Any CPU.Build.0 = Release|iPhoneSimulator
		{8A856A7D-91D1-4BCB-AE83-CD2BB609F43E}.Release|Any CPU.Deploy.0 = Release|iPhoneSimulator
		{8A856A7D-91D1-4BCB-AE83-CD2BB609F43E}.Release|ARM.ActiveCfg = Release|iPhoneSimulator
		{8A856A7D-91D1-4BCB-AE83-CD2BB609F43E}.Release|ARM.Build.0 = Release|iPhoneSimulator
		{8A856A7D-91D1-4BCB-AE83-CD2BB609F43E}.Release|ARM.Deploy.0 = Release|iPhoneSimulator
		{8A856A7D-91D1-4BCB-AE83-CD2BB609F43E}.Release|iPhone.ActiveCfg = Release|iPhone
		{8A856A7D-91D1-4BCB-AE83-CD2BB609F43E}.Release|iPhone.Build.0 = Release|iPhone
		{8A856A7D-91D1-4BCB-AE83-CD2BB609F43E}.Release|iPhone.Deploy.0 = Release|iPhone
		{8A856A7D-91D1-4BCB-AE83-CD2BB609F43E}.Release|iPhoneSimulator.ActiveCfg = Release|iPhoneSimulator
		{8A856A7D-91D1-4BCB-AE83-CD2BB609F43E}.Release|iPhoneSimulator.Build.0 = Release|iPhoneSimulator
		{8A856A7D-91D1-4BCB-AE83-CD2BB609F43E}.Release|iPhoneSimulator.Deploy.0 = Release|iPhoneSimulator
		{8A856A7D-91D1-4BCB-AE83-CD2BB609F43E}.Release|x64.ActiveCfg = Release|iPhoneSimulator
		{8A856A7D-91D1-4BCB-AE83-CD2BB609F43E}.Release|x64.Build.0 = Release|iPhoneSimulator
		{8A856A7D-91D1-4BCB-AE83-CD2BB609F43E}.Release|x64.Deploy.0 = Release|iPhoneSimulator
		{8A856A7D-91D1-4BCB-AE83-CD2BB609F43E}.Release|x86.ActiveCfg = Release|iPhoneSimulator
		{8A856A7D-91D1-4BCB-AE83-CD2BB609F43E}.Release|x86.Build.0 = Release|iPhoneSimulator
		{8A856A7D-91D1-4BCB-AE83-CD2BB609F43E}.Release|x86.Deploy.0 = Release|iPhoneSimulator
		{E193F432-A0EC-414D-9E3E-C0B62DBEF39E}.Debug|Any CPU.ActiveCfg = Debug|Any CPU
		{E193F432-A0EC-414D-9E3E-C0B62DBEF39E}.Debug|Any CPU.Build.0 = Debug|Any CPU
		{E193F432-A0EC-414D-9E3E-C0B62DBEF39E}.Debug|Any CPU.Deploy.0 = Debug|Any CPU
		{E193F432-A0EC-414D-9E3E-C0B62DBEF39E}.Debug|ARM.ActiveCfg = Debug|Any CPU
		{E193F432-A0EC-414D-9E3E-C0B62DBEF39E}.Debug|ARM.Build.0 = Debug|Any CPU
		{E193F432-A0EC-414D-9E3E-C0B62DBEF39E}.Debug|ARM.Deploy.0 = Debug|Any CPU
		{E193F432-A0EC-414D-9E3E-C0B62DBEF39E}.Debug|iPhone.ActiveCfg = Debug|Any CPU
		{E193F432-A0EC-414D-9E3E-C0B62DBEF39E}.Debug|iPhone.Build.0 = Debug|Any CPU
		{E193F432-A0EC-414D-9E3E-C0B62DBEF39E}.Debug|iPhone.Deploy.0 = Debug|Any CPU
		{E193F432-A0EC-414D-9E3E-C0B62DBEF39E}.Debug|iPhoneSimulator.ActiveCfg = Debug|Any CPU
		{E193F432-A0EC-414D-9E3E-C0B62DBEF39E}.Debug|iPhoneSimulator.Build.0 = Debug|Any CPU
		{E193F432-A0EC-414D-9E3E-C0B62DBEF39E}.Debug|iPhoneSimulator.Deploy.0 = Debug|Any CPU
		{E193F432-A0EC-414D-9E3E-C0B62DBEF39E}.Debug|x64.ActiveCfg = Debug|Any CPU
		{E193F432-A0EC-414D-9E3E-C0B62DBEF39E}.Debug|x64.Build.0 = Debug|Any CPU
		{E193F432-A0EC-414D-9E3E-C0B62DBEF39E}.Debug|x64.Deploy.0 = Debug|Any CPU
		{E193F432-A0EC-414D-9E3E-C0B62DBEF39E}.Debug|x86.ActiveCfg = Debug|Any CPU
		{E193F432-A0EC-414D-9E3E-C0B62DBEF39E}.Debug|x86.Build.0 = Debug|Any CPU
		{E193F432-A0EC-414D-9E3E-C0B62DBEF39E}.Debug|x86.Deploy.0 = Debug|Any CPU
		{E193F432-A0EC-414D-9E3E-C0B62DBEF39E}.Release|Any CPU.ActiveCfg = Release|Any CPU
		{E193F432-A0EC-414D-9E3E-C0B62DBEF39E}.Release|Any CPU.Build.0 = Release|Any CPU
		{E193F432-A0EC-414D-9E3E-C0B62DBEF39E}.Release|Any CPU.Deploy.0 = Release|Any CPU
		{E193F432-A0EC-414D-9E3E-C0B62DBEF39E}.Release|ARM.ActiveCfg = Release|Any CPU
		{E193F432-A0EC-414D-9E3E-C0B62DBEF39E}.Release|ARM.Build.0 = Release|Any CPU
		{E193F432-A0EC-414D-9E3E-C0B62DBEF39E}.Release|ARM.Deploy.0 = Release|Any CPU
		{E193F432-A0EC-414D-9E3E-C0B62DBEF39E}.Release|iPhone.ActiveCfg = Release|Any CPU
		{E193F432-A0EC-414D-9E3E-C0B62DBEF39E}.Release|iPhone.Build.0 = Release|Any CPU
		{E193F432-A0EC-414D-9E3E-C0B62DBEF39E}.Release|iPhone.Deploy.0 = Release|Any CPU
		{E193F432-A0EC-414D-9E3E-C0B62DBEF39E}.Release|iPhoneSimulator.ActiveCfg = Release|Any CPU
		{E193F432-A0EC-414D-9E3E-C0B62DBEF39E}.Release|iPhoneSimulator.Build.0 = Release|Any CPU
		{E193F432-A0EC-414D-9E3E-C0B62DBEF39E}.Release|iPhoneSimulator.Deploy.0 = Release|Any CPU
		{E193F432-A0EC-414D-9E3E-C0B62DBEF39E}.Release|x64.ActiveCfg = Release|Any CPU
		{E193F432-A0EC-414D-9E3E-C0B62DBEF39E}.Release|x64.Build.0 = Release|Any CPU
		{E193F432-A0EC-414D-9E3E-C0B62DBEF39E}.Release|x64.Deploy.0 = Release|Any CPU
		{E193F432-A0EC-414D-9E3E-C0B62DBEF39E}.Release|x86.ActiveCfg = Release|Any CPU
		{E193F432-A0EC-414D-9E3E-C0B62DBEF39E}.Release|x86.Build.0 = Release|Any CPU
		{E193F432-A0EC-414D-9E3E-C0B62DBEF39E}.Release|x86.Deploy.0 = Release|Any CPU
	EndGlobalSection
	GlobalSection(SolutionProperties) = preSolution
		HideSolutionNode = FALSE
	EndGlobalSection
	GlobalSection(ExtensibilityGlobals) = postSolution
		SolutionGuid = {0E32CA1C-D56F-4B07-BB8F-B45EEF801A7A}
	EndGlobalSection
EndGlobal
